
Microsoft Visual Studio Solution File, Format Version 12.00
# Visual Studio Version 17
VisualStudioVersion = 17.3.32825.248
MinimumVisualStudioVersion = 10.0.40219.1
Project("{FAE04EC0-301F-11D3-BF4B-00C04F79EFBC}") = "EF_Example", "EF_Example\EF_Example.csproj", "{811AECAE-34CF-4703-BFEA-676E826C5269}"
EndProject
Global
	GlobalSection(SolutionConfigurationPlatforms) = preSolution
		Debug|Any CPU = Debug|Any CPU
		Release|Any CPU = Release|Any CPU
	EndGlobalSection
	GlobalSection(ProjectConfigurationPlatforms) = postSolution
		{811AECAE-34CF-4703-BFEA-676E826C5269}.Debug|Any CPU.ActiveCfg = Debug|Any CPU
		{811AECAE-34CF-4703-BFEA-676E826C5269}.Debug|Any CPU.Build.0 = Debug|Any CPU
		{811AECAE-34CF-4703-BFEA-676E826C5269}.Release|Any CPU.ActiveCfg = Release|Any CPU
		{811AECAE-34CF-4703-BFEA-676E826C5269}.Release|Any CPU.Build.0 = Release|Any CPU
	EndGlobalSection
	GlobalSection(SolutionProperties) = preSolution
		HideSolutionNode = FALSE
	EndGlobalSection
	GlobalSection(ExtensibilityGlobals) = postSolution
		SolutionGuid = {1619A1F5-A37F-4C0A-962B-320D58E6A7F0}
	EndGlobalSection
EndGlobal
